{
  "name": "html",
  "lockfileVersion": 2,
  "requires": true,
  "packages": {
    "": {
      "dependencies": {
        "@eonasdan/tempus-dominus": "^6.0.1"
      }
    },
    "node_modules/@eonasdan/tempus-dominus": {
      "version": "6.0.1",
      "resolved": "https://registry.npmjs.org/@eonasdan/tempus-dominus/-/tempus-dominus-6.0.1.tgz",
      "integrity": "sha512-iQnYvf84LN3Q1hLbKS5JDhSzql/SIMTMPiUJa3su59dhJruaa5ekpILs/iUOJJjU9Zucv5jCiikHkhw9THHpGA==",
      "funding": {
        "url": "https://ko-fi.com/eonasdan"
      },
      "peerDependencies": {
        "@popperjs/core": "^2.10.1"
      }
    },
    "node_modules/@popperjs/core": {
      "version": "2.11.6",
      "resolved": "https://registry.npmjs.org/@popperjs/core/-/core-2.11.6.tgz",
      "integrity": "sha512-50/17A98tWUfQ176raKiOGXuYpLyyVMkxxG6oylzL3BPOlA6ADGdK7EYunSa4I064xerltq9TGXs8HmOk5E+vw==",
      "peer": true,
      "funding": {
        "type": "opencollective",
        "url": "https://opencollective.com/popperjs"
      }
    }
  },
  "dependencies": {
    "@eonasdan/tempus-dominus": {
      "version": "6.0.1",
      "resolved": "https://registry.npmjs.org/@eonasdan/tempus-dominus/-/tempus-dominus-6.0.1.tgz",
      "integrity": "sha512-iQnYvf84LN3Q1hLbKS5JDhSzql/SIMTMPiUJa3su59dhJruaa5ekpILs/iUOJJjU9Zucv5jCiikHkhw9THHpGA==",
      "requires": {}
    },
    "@popperjs/core": {
      "version": "2.11.6",
      "resolved": "https://registry.npmjs.org/@popperjs/core/-/core-2.11.6.tgz",
      "integrity": "sha512-50/17A98tWUfQ176raKiOGXuYpLyyVMkxxG6oylzL3BPOlA6ADGdK7EYunSa4I064xerltq9TGXs8HmOk5E+vw==",
      "peer": true
    }
  }
}
